
Microsoft Visual Studio Solution File, Format Version 12.00
# Visual Studio Version 16
VisualStudioVersion = 16.0.31702.278
MinimumVisualStudioVersion = 10.0.40219.1
Project("{FAE04EC0-301F-11D3-BF4B-00C04F79EFBC}") = "ServerChatApp_20190140035_Sekar Putri Retno", "ServerChatApp_20190140035_Sekar Putri Retno\ServerChatApp_20190140035_Sekar Putri Retno.csproj", "{40D8EA09-A995-4C3C-9284-DF86051E182A}"
EndProject
Global
	GlobalSection(SolutionConfigurationPlatforms) = preSolution
		Debug|Any CPU = Debug|Any CPU
		Release|Any CPU = Release|Any CPU
	EndGlobalSection
	GlobalSection(ProjectConfigurationPlatforms) = postSolution
		{40D8EA09-A995-4C3C-9284-DF86051E182A}.Debug|Any CPU.ActiveCfg = Debug|Any CPU
		{40D8EA09-A995-4C3C-9284-DF86051E182A}.Debug|Any CPU.Build.0 = Debug|Any CPU
		{40D8EA09-A995-4C3C-9284-DF86051E182A}.Release|Any CPU.ActiveCfg = Release|Any CPU
		{40D8EA09-A995-4C3C-9284-DF86051E182A}.Release|Any CPU.Build.0 = Release|Any CPU
	EndGlobalSection
	GlobalSection(SolutionProperties) = preSolution
		HideSolutionNode = FALSE
	EndGlobalSection
	GlobalSection(ExtensibilityGlobals) = postSolution
		SolutionGuid = {4CAA8EDF-6332-4CAA-BAD1-5D7AD5E893A5}
	EndGlobalSection
EndGlobal
